
Microsoft Visual Studio Solution File, Format Version 12.00
# Visual Studio Version 17
VisualStudioVersion = 17.8.34330.188
MinimumVisualStudioVersion = 10.0.40219.1
Project("{FAE04EC0-301F-11D3-BF4B-00C04F79EFBC}") = "Application12", "Application12.csproj", "{64F2E444-6E74-460C-A610-17B573A83205}"
EndProject
Global
	GlobalSection(SolutionConfigurationPlatforms) = preSolution
		Debug|Any CPU = Debug|Any CPU
		Release|Any CPU = Release|Any CPU
	EndGlobalSection
	GlobalSection(ProjectConfigurationPlatforms) = postSolution
		{64F2E444-6E74-460C-A610-17B573A83205}.Debug|Any CPU.ActiveCfg = Debug|Any CPU
		{64F2E444-6E74-460C-A610-17B573A83205}.Debug|Any CPU.Build.0 = Debug|Any CPU
		{64F2E444-6E74-460C-A610-17B573A83205}.Release|Any CPU.ActiveCfg = Release|Any CPU
		{64F2E444-6E74-460C-A610-17B573A83205}.Release|Any CPU.Build.0 = Release|Any CPU
	EndGlobalSection
	GlobalSection(SolutionProperties) = preSolution
		HideSolutionNode = FALSE
	EndGlobalSection
	GlobalSection(ExtensibilityGlobals) = postSolution
		SolutionGuid = {0EEFE519-3719-4E2B-9F3B-74B85E681B46}
	EndGlobalSection
EndGlobal
